<?xml version="1.0" encoding="utf-8"?>
<Project ToolsVersion="4.0" xmlns="http://schemas.microsoft.com/developer/msbuild/2003">
  <ItemGroup>
    <ClCompile Include="test.cpp" />
    <ClCompile Include="FlatMap.cpp">
      <Filter>FlatMap</Filter>
    </ClCompile>
    <ClCompile Include="pch.cpp">
      <Filter>pch</Filter>
    </ClCompile>
  </ItemGroup>
  <ItemGroup>
    <ClInclude Include="FlatMap.h">
      <Filter>FlatMap</Filter>
    </ClInclude>
    <ClInclude Include="pch.h">
      <Filter>pch</Filter>
    </ClInclude>
  </ItemGroup>
  <ItemGroup>
    <Filter Include="FlatMap">
      <UniqueIdentifier>{13e7360c-d4e4-4883-83a3-3d0bd46258a4}</UniqueIdentifier>
    </Filter>
    <Filter Include="pch">
      <UniqueIdentifier>{fda2e959-e5db-4ce2-ab49-61750ad2fed8}</UniqueIdentifier>
    </Filter>
  </ItemGroup>
</Project>